
Microsoft Visual Studio Solution File, Format Version 12.00
# Visual Studio Version 17
VisualStudioVersion = 17.7.34202.233
MinimumVisualStudioVersion = 10.0.40219.1
Project("{888888A0-9F3D-457C-B088-3A5042F75D52}") = "Podstawy_AWS", "Podstawy_AWS.pyproj", "{EA429A33-4022-4AE6-BF5E-D196625C9457}"
EndProject
Global
	GlobalSection(SolutionConfigurationPlatforms) = preSolution
		Debug|Any CPU = Debug|Any CPU
		Release|Any CPU = Release|Any CPU
	EndGlobalSection
	GlobalSection(ProjectConfigurationPlatforms) = postSolution
		{EA429A33-4022-4AE6-BF5E-D196625C9457}.Debug|Any CPU.ActiveCfg = Debug|Any CPU
		{EA429A33-4022-4AE6-BF5E-D196625C9457}.Release|Any CPU.ActiveCfg = Release|Any CPU
	EndGlobalSection
	GlobalSection(SolutionProperties) = preSolution
		HideSolutionNode = FALSE
	EndGlobalSection
	GlobalSection(ExtensibilityGlobals) = postSolution
		SolutionGuid = {32E70BC4-6C21-4D81-A904-65FF52909528}
	EndGlobalSection
EndGlobal
